
Microsoft Visual Studio Solution File, Format Version 12.00
# Visual Studio Version 17
VisualStudioVersion = 17.14.36623.8 d17.14
MinimumVisualStudioVersion = 10.0.40219.1
Project("{FAE04EC0-301F-11D3-BF4B-00C04F79EFBC}") = "LyWaf", "LyWaf.csproj", "{84783749-3AD8-2742-F95A-FBFC31C9A936}"
EndProject
Global
	GlobalSection(SolutionConfigurationPlatforms) = preSolution
		Debug|Any CPU = Debug|Any CPU
		Release|Any CPU = Release|Any CPU
	EndGlobalSection
	GlobalSection(ProjectConfigurationPlatforms) = postSolution
		{84783749-3AD8-2742-F95A-FBFC31C9A936}.Debug|Any CPU.ActiveCfg = Debug|Any CPU
		{84783749-3AD8-2742-F95A-FBFC31C9A936}.Debug|Any CPU.Build.0 = Debug|Any CPU
		{84783749-3AD8-2742-F95A-FBFC31C9A936}.Release|Any CPU.ActiveCfg = Release|Any CPU
		{84783749-3AD8-2742-F95A-FBFC31C9A936}.Release|Any CPU.Build.0 = Release|Any CPU
	EndGlobalSection
	GlobalSection(SolutionProperties) = preSolution
		HideSolutionNode = FALSE
	EndGlobalSection
	GlobalSection(ExtensibilityGlobals) = postSolution
		SolutionGuid = {C0553136-345B-472B-9D5C-578032A3C92C}
	EndGlobalSection
EndGlobal
